// !$*UTF8*$!
{
	archiveVersion = 1;
	classes = {
	};
	objectVersion = 63;
	objects = {

/* Begin PBXBuildFile section */
		1F8EF9CCCD7C0E04C8A94AF2 /* AravisBridge.mm in Sources */ = {isa = PBXBuildFile; fileRef = 5674B0FC765DBF41227A079F /* AravisBridge.mm */; };
		2781A12609151AB8FAF537C5 /* main.swift in Sources */ = {isa = PBXBuildFile; fileRef = 33C2FAE790E868AED284EAAD /* main.swift */; };
		2F62850631CECC96E01A25B7 /* GigECameraExtension.systemextension in Embed System Extensions */ = {isa = PBXBuildFile; fileRef = 51BABE8A0E20F4FED4603299 /* GigECameraExtension.systemextension */; settings = {ATTRIBUTES = (CodeSignOnCopy, RemoveHeadersOnCopy, ); }; };
		3E0A485A4AAEC44F532CFA33 /* CameraConstants.swift in Sources */ = {isa = PBXBuildFile; fileRef = DDDCF56FEE60EEC8CE62D5B3 /* CameraConstants.swift */; };
		40EF9AB3E39578D69B0C5FA2 /* GigEVirtualCameraExtensionProvider.swift in Sources */ = {isa = PBXBuildFile; fileRef = 328F68A1287C6E569C60E4C9 /* GigEVirtualCameraExtensionProvider.swift */; };
		4208CFDDA213D4814862BA5B /* DesignSystem.swift in Sources */ = {isa = PBXBuildFile; fileRef = 72B13E11AD4F64865C4BD3C5 /* DesignSystem.swift */; };
		4BEFDC00CE609396CD828CE3 /* SystemExtensions.framework in Frameworks */ = {isa = PBXBuildFile; fileRef = 5862471CC9AF42A7A4F31377 /* SystemExtensions.framework */; };
		5167D3DB450F7851540C99AD /* Assets.xcassets in Resources */ = {isa = PBXBuildFile; fileRef = 3B5293ECB1444D7DF3843CA6 /* Assets.xcassets */; };
		56F45446257DB667908E2553 /* GigECameraApp.swift in Sources */ = {isa = PBXBuildFile; fileRef = A19F5AC376905E28D984426A /* GigECameraApp.swift */; };
		5CF8213FB1E982EA0F76EA25 /* CameraConstants.swift in Sources */ = {isa = PBXBuildFile; fileRef = DDDCF56FEE60EEC8CE62D5B3 /* CameraConstants.swift */; };
		78A8516529854A979EA71BDB /* CameraPreviewView.swift in Sources */ = {isa = PBXBuildFile; fileRef = B15570879E141C8029D5D2E9 /* CameraPreviewView.swift */; };
		7FBA8050AB7022DE5D99B41A /* GigECameraManager.swift in Sources */ = {isa = PBXBuildFile; fileRef = F5498F5AFDED38343B6801C8 /* GigECameraManager.swift */; };
		91AC552492FCCD5F93B1787C /* ContentView.swift in Sources */ = {isa = PBXBuildFile; fileRef = 25B0B794181488800BEAEB3A /* ContentView.swift */; };
		C3245C66397FF46C0F9966DE /* DesignSystem.swift in Sources */ = {isa = PBXBuildFile; fileRef = 72B13E11AD4F64865C4BD3C5 /* DesignSystem.swift */; };
		D3A632A863EE95A66CD83039 /* CMIOFrameSender.swift in Sources */ = {isa = PBXBuildFile; fileRef = 43D9C615FB22B5ADC5572BA6 /* CMIOFrameSender.swift */; };
		DF218341570648066EE4D859 /* CameraManager.swift in Sources */ = {isa = PBXBuildFile; fileRef = 08987548898558EC7975B0D2 /* CameraManager.swift */; };
		FC594C358FDF42D7C703E7C7 /* ExtensionManager.swift in Sources */ = {isa = PBXBuildFile; fileRef = 272BC57E4EC81F46F8984161 /* ExtensionManager.swift */; };
/* End PBXBuildFile section */

/* Begin PBXContainerItemProxy section */
		C23705750C6A6B93B9EA5D0A /* PBXContainerItemProxy */ = {
			isa = PBXContainerItemProxy;
			containerPortal = 87718897895DDA75F2F5714D /* Project object */;
			proxyType = 1;
			remoteGlobalIDString = 63958092D7638492226B4026;
			remoteInfo = GigECameraExtension;
		};
/* End PBXContainerItemProxy section */

/* Begin PBXCopyFilesBuildPhase section */
		44FF055AD5E3E643A7F6BE47 /* Embed System Extensions */ = {
			isa = PBXCopyFilesBuildPhase;
			buildActionMask = 2147483647;
			dstPath = "$(SYSTEM_EXTENSIONS_FOLDER_PATH)";
			dstSubfolderSpec = 16;
			files = (
				2F62850631CECC96E01A25B7 /* GigECameraExtension.systemextension in Embed System Extensions */,
			);
			name = "Embed System Extensions";
			runOnlyForDeploymentPostprocessing = 0;
		};
/* End PBXCopyFilesBuildPhase section */

/* Begin PBXFileReference section */
		07A5A63BAD5298B73D9B47D8 /* GigEVirtualCamera.app */ = {isa = PBXFileReference; explicitFileType = wrapper.application; includeInIndex = 0; path = GigEVirtualCamera.app; sourceTree = BUILT_PRODUCTS_DIR; };
		08987548898558EC7975B0D2 /* CameraManager.swift */ = {isa = PBXFileReference; lastKnownFileType = sourcecode.swift; path = CameraManager.swift; sourceTree = "<group>"; };
		25B0B794181488800BEAEB3A /* ContentView.swift */ = {isa = PBXFileReference; lastKnownFileType = sourcecode.swift; path = ContentView.swift; sourceTree = "<group>"; };
		272BC57E4EC81F46F8984161 /* ExtensionManager.swift */ = {isa = PBXFileReference; lastKnownFileType = sourcecode.swift; path = ExtensionManager.swift; sourceTree = "<group>"; };
		328F68A1287C6E569C60E4C9 /* GigEVirtualCameraExtensionProvider.swift */ = {isa = PBXFileReference; lastKnownFileType = sourcecode.swift; path = GigEVirtualCameraExtensionProvider.swift; sourceTree = "<group>"; };
		33C2FAE790E868AED284EAAD /* main.swift */ = {isa = PBXFileReference; lastKnownFileType = sourcecode.swift; path = main.swift; sourceTree = "<group>"; };
		3B5293ECB1444D7DF3843CA6 /* Assets.xcassets */ = {isa = PBXFileReference; lastKnownFileType = folder.assetcatalog; path = Assets.xcassets; sourceTree = "<group>"; };
		4061D7755CD0C2384279AD87 /* GigEVirtualCameraExtension.entitlements */ = {isa = PBXFileReference; lastKnownFileType = text.plist.entitlements; path = GigEVirtualCameraExtension.entitlements; sourceTree = "<group>"; };
		43D9C615FB22B5ADC5572BA6 /* CMIOFrameSender.swift */ = {isa = PBXFileReference; lastKnownFileType = sourcecode.swift; path = CMIOFrameSender.swift; sourceTree = "<group>"; };
		51BABE8A0E20F4FED4603299 /* GigECameraExtension.systemextension */ = {isa = PBXFileReference; explicitFileType = "wrapper.system-extension"; includeInIndex = 0; path = GigECameraExtension.systemextension; sourceTree = BUILT_PRODUCTS_DIR; };
		5674B0FC765DBF41227A079F /* AravisBridge.mm */ = {isa = PBXFileReference; lastKnownFileType = sourcecode.cpp.objcpp; path = AravisBridge.mm; sourceTree = "<group>"; };
		5862471CC9AF42A7A4F31377 /* SystemExtensions.framework */ = {isa = PBXFileReference; lastKnownFileType = wrapper.framework; name = SystemExtensions.framework; path = System/Library/Frameworks/SystemExtensions.framework; sourceTree = SDKROOT; };
		5B545C2BFB14C5554212441D /* Info.plist */ = {isa = PBXFileReference; lastKnownFileType = text.plist; path = Info.plist; sourceTree = "<group>"; };
		72B13E11AD4F64865C4BD3C5 /* DesignSystem.swift */ = {isa = PBXFileReference; lastKnownFileType = sourcecode.swift; path = DesignSystem.swift; sourceTree = "<group>"; };
		7768F67812F46E595F8F341F /* AravisBridge.h */ = {isa = PBXFileReference; lastKnownFileType = sourcecode.c.h; path = AravisBridge.h; sourceTree = "<group>"; };
		861A155A665E0E1C1416DFF2 /* Info.plist */ = {isa = PBXFileReference; lastKnownFileType = text.plist; path = Info.plist; sourceTree = "<group>"; };
		9477A35A51A416185BC0A615 /* GigECamera-Debug.entitlements */ = {isa = PBXFileReference; lastKnownFileType = text.plist.entitlements; path = "GigECamera-Debug.entitlements"; sourceTree = "<group>"; };
		A19F5AC376905E28D984426A /* GigECameraApp.swift */ = {isa = PBXFileReference; lastKnownFileType = sourcecode.swift; path = GigECameraApp.swift; sourceTree = "<group>"; };
		B15570879E141C8029D5D2E9 /* CameraPreviewView.swift */ = {isa = PBXFileReference; lastKnownFileType = sourcecode.swift; path = CameraPreviewView.swift; sourceTree = "<group>"; };
		CF57E68AAC8B26D08650A0DF /* GigECamera-Release.entitlements */ = {isa = PBXFileReference; lastKnownFileType = text.plist.entitlements; path = "GigECamera-Release.entitlements"; sourceTree = "<group>"; };
		DDDCF56FEE60EEC8CE62D5B3 /* CameraConstants.swift */ = {isa = PBXFileReference; lastKnownFileType = sourcecode.swift; path = CameraConstants.swift; sourceTree = "<group>"; };
		E3CEEF7CF0CF1835666C90C5 /* GigEVirtualCamera-Bridging-Header.h */ = {isa = PBXFileReference; lastKnownFileType = sourcecode.c.h; path = "GigEVirtualCamera-Bridging-Header.h"; sourceTree = "<group>"; };
		F5498F5AFDED38343B6801C8 /* GigECameraManager.swift */ = {isa = PBXFileReference; lastKnownFileType = sourcecode.swift; path = GigECameraManager.swift; sourceTree = "<group>"; };
		FE1E7B53D0144A617847482B /* GigECamera.entitlements */ = {isa = PBXFileReference; lastKnownFileType = text.plist.entitlements; path = GigECamera.entitlements; sourceTree = "<group>"; };
/* End PBXFileReference section */

/* Begin PBXFrameworksBuildPhase section */
		89B71533A9C1E2F2D3729F92 /* Frameworks */ = {
			isa = PBXFrameworksBuildPhase;
			buildActionMask = 2147483647;
			files = (
				4BEFDC00CE609396CD828CE3 /* SystemExtensions.framework in Frameworks */,
			);
			runOnlyForDeploymentPostprocessing = 0;
		};
/* End PBXFrameworksBuildPhase section */

/* Begin PBXGroup section */
		2A3E3371242882E8ADD87C08 /* GigECameraApp */ = {
			isa = PBXGroup;
			children = (
				3B5293ECB1444D7DF3843CA6 /* Assets.xcassets */,
				08987548898558EC7975B0D2 /* CameraManager.swift */,
				B15570879E141C8029D5D2E9 /* CameraPreviewView.swift */,
				43D9C615FB22B5ADC5572BA6 /* CMIOFrameSender.swift */,
				25B0B794181488800BEAEB3A /* ContentView.swift */,
				272BC57E4EC81F46F8984161 /* ExtensionManager.swift */,
				9477A35A51A416185BC0A615 /* GigECamera-Debug.entitlements */,
				CF57E68AAC8B26D08650A0DF /* GigECamera-Release.entitlements */,
				FE1E7B53D0144A617847482B /* GigECamera.entitlements */,
				A19F5AC376905E28D984426A /* GigECameraApp.swift */,
				5B545C2BFB14C5554212441D /* Info.plist */,
			);
			path = GigECameraApp;
			sourceTree = "<group>";
		};
		312C63BB303E5EBFA8513050 /* Products */ = {
			isa = PBXGroup;
			children = (
				51BABE8A0E20F4FED4603299 /* GigECameraExtension.systemextension */,
				07A5A63BAD5298B73D9B47D8 /* GigEVirtualCamera.app */,
			);
			name = Products;
			sourceTree = "<group>";
		};
		4339E87F6BCB3F9645DC377F = {
			isa = PBXGroup;
			children = (
				2A3E3371242882E8ADD87C08 /* GigECameraApp */,
				AD6583BF2A2FAF10C2B1D02D /* GigEVirtualCameraExtension */,
				D070765B9F0BBB452665C4C5 /* Shared */,
				D562136914B9D84D00C3439E /* Frameworks */,
				312C63BB303E5EBFA8513050 /* Products */,
			);
			sourceTree = "<group>";
		};
		AD6583BF2A2FAF10C2B1D02D /* GigEVirtualCameraExtension */ = {
			isa = PBXGroup;
			children = (
				4061D7755CD0C2384279AD87 /* GigEVirtualCameraExtension.entitlements */,
				328F68A1287C6E569C60E4C9 /* GigEVirtualCameraExtensionProvider.swift */,
				861A155A665E0E1C1416DFF2 /* Info.plist */,
				33C2FAE790E868AED284EAAD /* main.swift */,
			);
			path = GigEVirtualCameraExtension;
			sourceTree = "<group>";
		};
		D070765B9F0BBB452665C4C5 /* Shared */ = {
			isa = PBXGroup;
			children = (
				7768F67812F46E595F8F341F /* AravisBridge.h */,
				5674B0FC765DBF41227A079F /* AravisBridge.mm */,
				DDDCF56FEE60EEC8CE62D5B3 /* CameraConstants.swift */,
				72B13E11AD4F64865C4BD3C5 /* DesignSystem.swift */,
				F5498F5AFDED38343B6801C8 /* GigECameraManager.swift */,
				E3CEEF7CF0CF1835666C90C5 /* GigEVirtualCamera-Bridging-Header.h */,
			);
			path = Shared;
			sourceTree = "<group>";
		};
		D562136914B9D84D00C3439E /* Frameworks */ = {
			isa = PBXGroup;
			children = (
				5862471CC9AF42A7A4F31377 /* SystemExtensions.framework */,
			);
			name = Frameworks;
			sourceTree = "<group>";
		};
/* End PBXGroup section */

/* Begin PBXNativeTarget section */
		63958092D7638492226B4026 /* GigECameraExtension */ = {
			isa = PBXNativeTarget;
			buildConfigurationList = 460B79F0EE1FD32C8C6A289F /* Build configuration list for PBXNativeTarget "GigECameraExtension" */;
			buildPhases = (
				364B49CD20FBB7AE07D1C2CB /* Sources */,
				3F7F81C0372E066AC60C7F3A /* Extension Build Info */,
			);
			buildRules = (
			);
			dependencies = (
			);
			name = GigECameraExtension;
			packageProductDependencies = (
			);
			productName = GigECameraExtension;
			productReference = 51BABE8A0E20F4FED4603299 /* GigECameraExtension.systemextension */;
			productType = "com.apple.product-type.system-extension";
		};
		995849C2C74E72B25835558E /* GigEVirtualCamera */ = {
			isa = PBXNativeTarget;
			buildConfigurationList = A272E0E793C35ABBD6C3B27C /* Build configuration list for PBXNativeTarget "GigEVirtualCamera" */;
			buildPhases = (
				129E59276CF8FAF4DF6C4655 /* Make Scripts Executable */,
				60AA9CE962AD2503BD7A13AA /* Sources */,
				003B4DFF38C1909ACF0A9098 /* Resources */,
				89B71533A9C1E2F2D3729F92 /* Frameworks */,
				44FF055AD5E3E643A7F6BE47 /* Embed System Extensions */,
				4ED6D124F202D4658B1EDFC5 /* Bundle Aravis Libraries */,
				87BC50741C70F1B237FBFA1B /* Copy to Applications */,
			);
			buildRules = (
			);
			dependencies = (
				107C25B210BA103F88E4EF8C /* PBXTargetDependency */,
			);
			name = GigEVirtualCamera;
			packageProductDependencies = (
			);
			productName = GigEVirtualCamera;
			productReference = 07A5A63BAD5298B73D9B47D8 /* GigEVirtualCamera.app */;
			productType = "com.apple.product-type.application";
		};
/* End PBXNativeTarget section */

/* Begin PBXProject section */
		87718897895DDA75F2F5714D /* Project object */ = {
			isa = PBXProject;
			attributes = {
				BuildIndependentTargetsInParallel = YES;
				LastUpgradeCheck = 1430;
			};
			buildConfigurationList = D6222442777D799D0C637853 /* Build configuration list for PBXProject "GigEVirtualCamera" */;
			compatibilityVersion = "Xcode 14.0";
			developmentRegion = en;
			hasScannedForEncodings = 0;
			knownRegions = (
				Base,
				en,
			);
			mainGroup = 4339E87F6BCB3F9645DC377F;
			minimizedProjectReferenceProxies = 1;
			projectDirPath = "";
			projectRoot = "";
			targets = (
				63958092D7638492226B4026 /* GigECameraExtension */,
				995849C2C74E72B25835558E /* GigEVirtualCamera */,
			);
		};
/* End PBXProject section */

/* Begin PBXResourcesBuildPhase section */
		003B4DFF38C1909ACF0A9098 /* Resources */ = {
			isa = PBXResourcesBuildPhase;
			buildActionMask = 2147483647;
			files = (
				5167D3DB450F7851540C99AD /* Assets.xcassets in Resources */,
			);
			runOnlyForDeploymentPostprocessing = 0;
		};
/* End PBXResourcesBuildPhase section */

/* Begin PBXShellScriptBuildPhase section */
		129E59276CF8FAF4DF6C4655 /* Make Scripts Executable */ = {
			isa = PBXShellScriptBuildPhase;
			alwaysOutOfDate = 1;
			buildActionMask = 2147483647;
			files = (
			);
			inputFileListPaths = (
			);
			inputPaths = (
			);
			name = "Make Scripts Executable";
			outputFileListPaths = (
			);
			outputPaths = (
			);
			runOnlyForDeploymentPostprocessing = 0;
			shellPath = /bin/sh;
			shellScript = "if [ -d \"${SRCROOT}/Scripts\" ]; then\n  chmod +x \"${SRCROOT}/Scripts/\"*.sh\nfi\n";
		};
		3F7F81C0372E066AC60C7F3A /* Extension Build Info */ = {
			isa = PBXShellScriptBuildPhase;
			alwaysOutOfDate = 1;
			buildActionMask = 2147483647;
			files = (
			);
			inputFileListPaths = (
			);
			inputPaths = (
			);
			name = "Extension Build Info";
			outputFileListPaths = (
			);
			outputPaths = (
			);
			runOnlyForDeploymentPostprocessing = 0;
			shellPath = /bin/sh;
			shellScript = "# The extension folder must match the bundle ID for sysextd to find it\necho \"Extension will be embedded with correct name by main app target\"\n";
		};
		4ED6D124F202D4658B1EDFC5 /* Bundle Aravis Libraries */ = {
			isa = PBXShellScriptBuildPhase;
			alwaysOutOfDate = 1;
			buildActionMask = 2147483647;
			files = (
			);
			inputFileListPaths = (
			);
			inputPaths = (
			);
			name = "Bundle Aravis Libraries";
			outputFileListPaths = (
			);
			outputPaths = (
			);
			runOnlyForDeploymentPostprocessing = 0;
			shellPath = /bin/sh;
			shellScript = "if [ \"${CONFIGURATION}\" = \"Debug\" ] || [ \"${CONFIGURATION}\" = \"Release\" ]; then\n  \"${SRCROOT}/Scripts/bundle_aravis.sh\" \"${BUILT_PRODUCTS_DIR}/${PRODUCT_NAME}.app\"\n  \"${SRCROOT}/Scripts/fix_rpaths.sh\" \"${BUILT_PRODUCTS_DIR}/${PRODUCT_NAME}.app\"\n  \n  # Sign all bundled libraries\n  echo \"Signing bundled libraries...\"\n  find \"${BUILT_PRODUCTS_DIR}/${PRODUCT_NAME}.app/Contents/Frameworks\" -name \"*.dylib\" -type f | while read lib; do\n    echo \"Signing: $(basename \"$lib\")\"\n    codesign --force --sign \"${EXPANDED_CODE_SIGN_IDENTITY}\" --timestamp=none \"$lib\" || true\n  done\nfi\n";
		};
		87BC50741C70F1B237FBFA1B /* Copy to Applications */ = {
			isa = PBXShellScriptBuildPhase;
			alwaysOutOfDate = 1;
			buildActionMask = 2147483647;
			files = (
			);
			inputFileListPaths = (
			);
			inputPaths = (
			);
			name = "Copy to Applications";
			outputFileListPaths = (
			);
			outputPaths = (
			);
			runOnlyForDeploymentPostprocessing = 0;
			shellPath = /bin/sh;
			shellScript = "# Copy app to /Applications for System Extension activation\nif [ \"${CONFIGURATION}\" = \"Debug\" ] || [ \"${CONFIGURATION}\" = \"Release\" ]; then\n  echo \"Copying app to /Applications...\"\n  rm -rf \"/Applications/${PRODUCT_NAME}.app\" 2>/dev/null || true\n  # Use ditto to preserve code signatures and extended attributes\n  ditto \"${BUILT_PRODUCTS_DIR}/${PRODUCT_NAME}.app\" \"/Applications/${PRODUCT_NAME}.app\"\n  echo \"App copied to /Applications/${PRODUCT_NAME}.app\"\n  \n  # Fix extension naming in /Applications\n  if [ -d \"/Applications/${PRODUCT_NAME}.app/Contents/Library/SystemExtensions/GigECameraExtension.systemextension\" ]; then\n    echo \"Fixing extension naming...\"\n    mv \"/Applications/${PRODUCT_NAME}.app/Contents/Library/SystemExtensions/GigECameraExtension.systemextension\" \\\n       \"/Applications/${PRODUCT_NAME}.app/Contents/Library/SystemExtensions/com.lukechang.GigEVirtualCamera.Extension.systemextension\"\n    \n    # Sign all libraries first\n    echo \"Signing libraries...\"\n    find \"/Applications/${PRODUCT_NAME}.app/Contents/Frameworks\" -name \"*.dylib\" -type f | while read lib; do\n      codesign --force --sign \"${EXPANDED_CODE_SIGN_IDENTITY}\" --timestamp=none \"$lib\" || true\n    done\n    \n    # Remove provisioning profile from extension (system extensions don't use them)\n    echo \"Removing extension provisioning profile...\"\n    rm -f \"/Applications/${PRODUCT_NAME}.app/Contents/Library/SystemExtensions/com.lukechang.GigEVirtualCamera.Extension.systemextension/Contents/embedded.provisionprofile\"\n    \n    # Re-sign extension with expanded entitlements\n    echo \"Signing extension...\"\n    TEMP_EXT_ENTITLEMENTS=\"/tmp/expanded-ext-entitlements.plist\"\n    cp \"${SRCROOT}/GigEVirtualCameraExtension/GigEVirtualCameraExtension.entitlements\" \"${TEMP_EXT_ENTITLEMENTS}\"\n    codesign --force --deep --sign \"${EXPANDED_CODE_SIGN_IDENTITY}\" \\\n      --entitlements \"${TEMP_EXT_ENTITLEMENTS}\" \\\n      --timestamp=none \\\n      \"/Applications/${PRODUCT_NAME}.app/Contents/Library/SystemExtensions/com.lukechang.GigEVirtualCamera.Extension.systemextension\"\n    rm -f \"${TEMP_EXT_ENTITLEMENTS}\"\n    \n    # Re-sign the entire app with expanded entitlements\n    echo \"Re-signing entire app...\"\n    TEMP_APP_ENTITLEMENTS=\"/tmp/expanded-app-entitlements.plist\"\n    if [ \"${CONFIGURATION}\" = \"Debug\" ]; then\n      cp \"${SRCROOT}/GigECameraApp/GigECamera-Debug.entitlements\" \"${TEMP_APP_ENTITLEMENTS}\"\n    else\n      cp \"${SRCROOT}/GigECameraApp/GigECamera-Release.entitlements\" \"${TEMP_APP_ENTITLEMENTS}\"\n    fi\n    \n    codesign --force --deep --sign \"${EXPANDED_CODE_SIGN_IDENTITY}\" \\\n      --entitlements \"${TEMP_APP_ENTITLEMENTS}\" \\\n      --options runtime \\\n      --timestamp=none \\\n      \"/Applications/${PRODUCT_NAME}.app\"\n    rm -f \"${TEMP_APP_ENTITLEMENTS}\"\n    \n    echo \"App re-signed successfully\"\n  fi\n  \n  # Remove provisioning profile for Release builds (Developer ID doesn't use them)\n  if [ \"${CONFIGURATION}\" = \"Release\" ]; then\n    echo \"Removing provisioning profile for Developer ID distribution...\"\n    rm -f \"/Applications/${PRODUCT_NAME}.app/Contents/embedded.provisionprofile\" 2>/dev/null || true\n    rm -f \"${BUILT_PRODUCTS_DIR}/${PRODUCT_NAME}.app/Contents/embedded.provisionprofile\" 2>/dev/null || true\n  fi\nfi\n";
		};
/* End PBXShellScriptBuildPhase section */

/* Begin PBXSourcesBuildPhase section */
		364B49CD20FBB7AE07D1C2CB /* Sources */ = {
			isa = PBXSourcesBuildPhase;
			buildActionMask = 2147483647;
			files = (
				3E0A485A4AAEC44F532CFA33 /* CameraConstants.swift in Sources */,
				4208CFDDA213D4814862BA5B /* DesignSystem.swift in Sources */,
				40EF9AB3E39578D69B0C5FA2 /* GigEVirtualCameraExtensionProvider.swift in Sources */,
				2781A12609151AB8FAF537C5 /* main.swift in Sources */,
			);
			runOnlyForDeploymentPostprocessing = 0;
		};
		60AA9CE962AD2503BD7A13AA /* Sources */ = {
			isa = PBXSourcesBuildPhase;
			buildActionMask = 2147483647;
			files = (
				1F8EF9CCCD7C0E04C8A94AF2 /* AravisBridge.mm in Sources */,
				D3A632A863EE95A66CD83039 /* CMIOFrameSender.swift in Sources */,
				5CF8213FB1E982EA0F76EA25 /* CameraConstants.swift in Sources */,
				DF218341570648066EE4D859 /* CameraManager.swift in Sources */,
				78A8516529854A979EA71BDB /* CameraPreviewView.swift in Sources */,
				91AC552492FCCD5F93B1787C /* ContentView.swift in Sources */,
				C3245C66397FF46C0F9966DE /* DesignSystem.swift in Sources */,
				FC594C358FDF42D7C703E7C7 /* ExtensionManager.swift in Sources */,
				56F45446257DB667908E2553 /* GigECameraApp.swift in Sources */,
				7FBA8050AB7022DE5D99B41A /* GigECameraManager.swift in Sources */,
			);
			runOnlyForDeploymentPostprocessing = 0;
		};
/* End PBXSourcesBuildPhase section */

/* Begin PBXTargetDependency section */
		107C25B210BA103F88E4EF8C /* PBXTargetDependency */ = {
			isa = PBXTargetDependency;
			target = 63958092D7638492226B4026 /* GigECameraExtension */;
			targetProxy = C23705750C6A6B93B9EA5D0A /* PBXContainerItemProxy */;
		};
/* End PBXTargetDependency section */

/* Begin XCBuildConfiguration section */
		51A537EFED3F74CCF1C1F886 /* Release */ = {
			isa = XCBuildConfiguration;
			buildSettings = {
				ALWAYS_SEARCH_USER_PATHS = NO;
				ARCHS = arm64;
				CLANG_ANALYZER_NONNULL = YES;
				CLANG_ANALYZER_NUMBER_OBJECT_CONVERSION = YES_AGGRESSIVE;
				CLANG_CXX_LANGUAGE_STANDARD = "gnu++14";
				CLANG_CXX_LIBRARY = "libc++";
				CLANG_ENABLE_MODULES = YES;
				CLANG_ENABLE_OBJC_ARC = YES;
				CLANG_ENABLE_OBJC_WEAK = YES;
				CLANG_WARN_BLOCK_CAPTURE_AUTORELEASING = YES;
				CLANG_WARN_BOOL_CONVERSION = YES;
				CLANG_WARN_COMMA = YES;
				CLANG_WARN_CONSTANT_CONVERSION = YES;
				CLANG_WARN_DEPRECATED_OBJC_IMPLEMENTATIONS = YES;
				CLANG_WARN_DIRECT_OBJC_ISA_USAGE = YES_ERROR;
				CLANG_WARN_DOCUMENTATION_COMMENTS = YES;
				CLANG_WARN_EMPTY_BODY = YES;
				CLANG_WARN_ENUM_CONVERSION = YES;
				CLANG_WARN_INFINITE_RECURSION = YES;
				CLANG_WARN_INT_CONVERSION = YES;
				CLANG_WARN_NON_LITERAL_NULL_CONVERSION = YES;
				CLANG_WARN_OBJC_IMPLICIT_RETAIN_SELF = YES;
				CLANG_WARN_OBJC_LITERAL_CONVERSION = YES;
				CLANG_WARN_OBJC_ROOT_CLASS = YES_ERROR;
				CLANG_WARN_QUOTED_INCLUDE_IN_FRAMEWORK_HEADER = YES;
				CLANG_WARN_RANGE_LOOP_ANALYSIS = YES;
				CLANG_WARN_STRICT_PROTOTYPES = YES;
				CLANG_WARN_SUSPICIOUS_MOVE = YES;
				CLANG_WARN_UNGUARDED_AVAILABILITY = YES_AGGRESSIVE;
				CLANG_WARN_UNREACHABLE_CODE = YES;
				CLANG_WARN__DUPLICATE_METHOD_MATCH = YES;
				COPY_PHASE_STRIP = NO;
				DEBUG_INFORMATION_FORMAT = "dwarf-with-dsym";
				DEVELOPMENT_TEAM = S368GH6KF7;
				ENABLE_NS_ASSERTIONS = NO;
				ENABLE_STRICT_OBJC_MSGSEND = YES;
				GCC_C_LANGUAGE_STANDARD = gnu11;
				GCC_NO_COMMON_BLOCKS = YES;
				GCC_WARN_64_TO_32_BIT_CONVERSION = YES;
				GCC_WARN_ABOUT_RETURN_TYPE = YES_ERROR;
				GCC_WARN_UNDECLARED_SELECTOR = YES;
				GCC_WARN_UNINITIALIZED_AUTOS = YES_AGGRESSIVE;
				GCC_WARN_UNUSED_FUNCTION = YES;
				GCC_WARN_UNUSED_VARIABLE = YES;
				HEADER_SEARCH_PATHS = (
					/opt/homebrew/include,
					"/opt/homebrew/Cellar/aravis/0.8.35/include/aravis-0.8",
					/opt/homebrew/Cellar/glib/2.84.3/include,
					"/opt/homebrew/Cellar/glib/2.84.3/include/glib-2.0",
					"/opt/homebrew/Cellar/glib/2.84.3/lib/glib-2.0/include",
					/opt/homebrew/opt/gettext/include,
					/opt/homebrew/Cellar/pcre2/10.45/include,
					/Library/Developer/CommandLineTools/SDKs/MacOSX15.sdk/usr/include/ffi,
				);
				LIBRARY_SEARCH_PATHS = (
					/opt/homebrew/lib,
					/opt/homebrew/Cellar/aravis/0.8.35/lib,
				);
				MACOSX_DEPLOYMENT_TARGET = 12.3;
				MTL_ENABLE_DEBUG_INFO = NO;
				MTL_FAST_MATH = YES;
				ONLY_ACTIVE_ARCH = NO;
				OTHER_LDFLAGS = (
					"-laravis-0.8",
					"-lgio-2.0",
					"-lgobject-2.0",
					"-lglib-2.0",
					"-ObjC",
					"-all_load",
				);
				PRODUCT_NAME = "$(TARGET_NAME)";
				SDKROOT = macosx;
				SWIFT_COMPILATION_MODE = wholemodule;
				SWIFT_OPTIMIZATION_LEVEL = "-O";
				SWIFT_VERSION = 5.0;
			};
			name = Release;
		};
		5E7F824525076F37B0BD8FA8 /* Debug */ = {
			isa = XCBuildConfiguration;
			buildSettings = {
				ASSETCATALOG_COMPILER_APPICON_NAME = AppIcon;
				CODE_SIGN_ENTITLEMENTS = GigECameraApp/GigECamera.entitlements;
				"CODE_SIGN_IDENTITY[sdk=macosx*]" = "Mac Developer";
				CODE_SIGN_STYLE = Manual;
				COMBINE_HIDPI_IMAGES = YES;
				CURRENT_PROJECT_VERSION = 1;
				DEVELOPMENT_TEAM = "";
				"DEVELOPMENT_TEAM[sdk=macosx*]" = S368GH6KF7;
				ENABLE_HARDENED_RUNTIME = YES;
				INFOPLIST_FILE = GigECameraApp/Info.plist;
				INFOPLIST_KEY_NSSystemExtensionInstallationPrompt = "GigE Virtual Camera needs to install a system extension to provide virtual camera functionality.";
				LD_RUNPATH_SEARCH_PATHS = (
					"$(inherited)",
					"@executable_path/../Frameworks",
				);
				MARKETING_VERSION = 1.0;
				OTHER_LDFLAGS = "$(inherited)";
				PRODUCT_BUNDLE_IDENTIFIER = com.lukechang.GigEVirtualCamera;
				PROVISIONING_PROFILE_SPECIFIER = "";
				"PROVISIONING_PROFILE_SPECIFIER[sdk=macosx*]" = "GigE Virtual Camera Dev";
				SDKROOT = macosx;
				SWIFT_OBJC_BRIDGING_HEADER = "Shared/GigEVirtualCamera-Bridging-Header.h";
				SWIFT_VERSION = 5.0;
			};
			name = Debug;
		};
		89F7C581CDA2A86F1F7B0CFA /* Release */ = {
			isa = XCBuildConfiguration;
			buildSettings = {
				CODE_SIGN_ENTITLEMENTS = GigEVirtualCameraExtension/GigEVirtualCameraExtension.entitlements;
				"CODE_SIGN_IDENTITY[sdk=macosx*]" = "Mac Developer";
				CODE_SIGN_STYLE = Manual;
				COMBINE_HIDPI_IMAGES = YES;
				CURRENT_PROJECT_VERSION = 1;
				DEVELOPMENT_TEAM = "";
				"DEVELOPMENT_TEAM[sdk=macosx*]" = S368GH6KF7;
				HEADER_SEARCH_PATHS = "";
				INFOPLIST_FILE = GigEVirtualCameraExtension/Info.plist;
				LD_RUNPATH_SEARCH_PATHS = (
					"$(inherited)",
					"@executable_path/../Frameworks",
				);
				LIBRARY_SEARCH_PATHS = "";
				MARKETING_VERSION = 1.0;
				OTHER_LDFLAGS = "-ObjC";
				PRODUCT_BUNDLE_IDENTIFIER = com.lukechang.GigEVirtualCamera.Extension;
				PRODUCT_BUNDLE_PACKAGE_TYPE = SYSX;
				PROVISIONING_PROFILE_SPECIFIER = "";
				"PROVISIONING_PROFILE_SPECIFIER[sdk=macosx*]" = "GigE Camera Extension Dev";
				SDKROOT = macosx;
				SWIFT_VERSION = 5.0;
			};
			name = Release;
		};
		9AF16315CA385167F9F4BCC3 /* Debug */ = {
			isa = XCBuildConfiguration;
			buildSettings = {
				CODE_SIGN_ENTITLEMENTS = GigEVirtualCameraExtension/GigEVirtualCameraExtension.entitlements;
				"CODE_SIGN_IDENTITY[sdk=macosx*]" = "Mac Developer";
				CODE_SIGN_STYLE = Manual;
				COMBINE_HIDPI_IMAGES = YES;
				CURRENT_PROJECT_VERSION = 1;
				DEVELOPMENT_TEAM = "";
				"DEVELOPMENT_TEAM[sdk=macosx*]" = S368GH6KF7;
				HEADER_SEARCH_PATHS = "";
				INFOPLIST_FILE = GigEVirtualCameraExtension/Info.plist;
				LD_RUNPATH_SEARCH_PATHS = (
					"$(inherited)",
					"@executable_path/../Frameworks",
				);
				LIBRARY_SEARCH_PATHS = "";
				MARKETING_VERSION = 1.0;
				OTHER_LDFLAGS = "-ObjC";
				PRODUCT_BUNDLE_IDENTIFIER = com.lukechang.GigEVirtualCamera.Extension;
				PRODUCT_BUNDLE_PACKAGE_TYPE = SYSX;
				PROVISIONING_PROFILE_SPECIFIER = "";
				"PROVISIONING_PROFILE_SPECIFIER[sdk=macosx*]" = "GigE Camera Extension Dev";
				SDKROOT = macosx;
				SWIFT_VERSION = 5.0;
			};
			name = Debug;
		};
		DC2587FDE26FE4BDEAF2D245 /* Release */ = {
			isa = XCBuildConfiguration;
			buildSettings = {
				ASSETCATALOG_COMPILER_APPICON_NAME = AppIcon;
				CODE_SIGN_ENTITLEMENTS = GigECameraApp/GigECamera.entitlements;
				"CODE_SIGN_IDENTITY[sdk=macosx*]" = "Mac Developer";
				CODE_SIGN_STYLE = Manual;
				COMBINE_HIDPI_IMAGES = YES;
				CURRENT_PROJECT_VERSION = 1;
				DEVELOPMENT_TEAM = "";
				"DEVELOPMENT_TEAM[sdk=macosx*]" = S368GH6KF7;
				ENABLE_HARDENED_RUNTIME = YES;
				INFOPLIST_FILE = GigECameraApp/Info.plist;
				INFOPLIST_KEY_NSSystemExtensionInstallationPrompt = "GigE Virtual Camera needs to install a system extension to provide virtual camera functionality.";
				LD_RUNPATH_SEARCH_PATHS = (
					"$(inherited)",
					"@executable_path/../Frameworks",
				);
				MARKETING_VERSION = 1.0;
				OTHER_LDFLAGS = "$(inherited)";
				PRODUCT_BUNDLE_IDENTIFIER = com.lukechang.GigEVirtualCamera;
				PROVISIONING_PROFILE_SPECIFIER = "";
				"PROVISIONING_PROFILE_SPECIFIER[sdk=macosx*]" = "GigE Virtual Camera Dev";
				SDKROOT = macosx;
				SWIFT_OBJC_BRIDGING_HEADER = "Shared/GigEVirtualCamera-Bridging-Header.h";
				SWIFT_VERSION = 5.0;
			};
			name = Release;
		};
		E3879D13AE3532A3508D100A /* Debug */ = {
			isa = XCBuildConfiguration;
			buildSettings = {
				ALWAYS_SEARCH_USER_PATHS = NO;
				ARCHS = arm64;
				CLANG_ANALYZER_NONNULL = YES;
				CLANG_ANALYZER_NUMBER_OBJECT_CONVERSION = YES_AGGRESSIVE;
				CLANG_CXX_LANGUAGE_STANDARD = "gnu++14";
				CLANG_CXX_LIBRARY = "libc++";
				CLANG_ENABLE_MODULES = YES;
				CLANG_ENABLE_OBJC_ARC = YES;
				CLANG_ENABLE_OBJC_WEAK = YES;
				CLANG_WARN_BLOCK_CAPTURE_AUTORELEASING = YES;
				CLANG_WARN_BOOL_CONVERSION = YES;
				CLANG_WARN_COMMA = YES;
				CLANG_WARN_CONSTANT_CONVERSION = YES;
				CLANG_WARN_DEPRECATED_OBJC_IMPLEMENTATIONS = YES;
				CLANG_WARN_DIRECT_OBJC_ISA_USAGE = YES_ERROR;
				CLANG_WARN_DOCUMENTATION_COMMENTS = YES;
				CLANG_WARN_EMPTY_BODY = YES;
				CLANG_WARN_ENUM_CONVERSION = YES;
				CLANG_WARN_INFINITE_RECURSION = YES;
				CLANG_WARN_INT_CONVERSION = YES;
				CLANG_WARN_NON_LITERAL_NULL_CONVERSION = YES;
				CLANG_WARN_OBJC_IMPLICIT_RETAIN_SELF = YES;
				CLANG_WARN_OBJC_LITERAL_CONVERSION = YES;
				CLANG_WARN_OBJC_ROOT_CLASS = YES_ERROR;
				CLANG_WARN_QUOTED_INCLUDE_IN_FRAMEWORK_HEADER = YES;
				CLANG_WARN_RANGE_LOOP_ANALYSIS = YES;
				CLANG_WARN_STRICT_PROTOTYPES = YES;
				CLANG_WARN_SUSPICIOUS_MOVE = YES;
				CLANG_WARN_UNGUARDED_AVAILABILITY = YES_AGGRESSIVE;
				CLANG_WARN_UNREACHABLE_CODE = YES;
				CLANG_WARN__DUPLICATE_METHOD_MATCH = YES;
				COPY_PHASE_STRIP = NO;
				DEBUG_INFORMATION_FORMAT = dwarf;
				DEVELOPMENT_TEAM = S368GH6KF7;
				ENABLE_STRICT_OBJC_MSGSEND = YES;
				ENABLE_TESTABILITY = YES;
				GCC_C_LANGUAGE_STANDARD = gnu11;
				GCC_DYNAMIC_NO_PIC = NO;
				GCC_NO_COMMON_BLOCKS = YES;
				GCC_OPTIMIZATION_LEVEL = 0;
				GCC_PREPROCESSOR_DEFINITIONS = (
					"$(inherited)",
					"DEBUG=1",
				);
				GCC_WARN_64_TO_32_BIT_CONVERSION = YES;
				GCC_WARN_ABOUT_RETURN_TYPE = YES_ERROR;
				GCC_WARN_UNDECLARED_SELECTOR = YES;
				GCC_WARN_UNINITIALIZED_AUTOS = YES_AGGRESSIVE;
				GCC_WARN_UNUSED_FUNCTION = YES;
				GCC_WARN_UNUSED_VARIABLE = YES;
				HEADER_SEARCH_PATHS = (
					/opt/homebrew/include,
					"/opt/homebrew/Cellar/aravis/0.8.35/include/aravis-0.8",
					/opt/homebrew/Cellar/glib/2.84.3/include,
					"/opt/homebrew/Cellar/glib/2.84.3/include/glib-2.0",
					"/opt/homebrew/Cellar/glib/2.84.3/lib/glib-2.0/include",
					/opt/homebrew/opt/gettext/include,
					/opt/homebrew/Cellar/pcre2/10.45/include,
					/Library/Developer/CommandLineTools/SDKs/MacOSX15.sdk/usr/include/ffi,
				);
				LIBRARY_SEARCH_PATHS = (
					/opt/homebrew/lib,
					/opt/homebrew/Cellar/aravis/0.8.35/lib,
				);
				MACOSX_DEPLOYMENT_TARGET = 12.3;
				MTL_ENABLE_DEBUG_INFO = INCLUDE_SOURCE;
				MTL_FAST_MATH = YES;
				ONLY_ACTIVE_ARCH = NO;
				OTHER_LDFLAGS = (
					"-laravis-0.8",
					"-lgio-2.0",
					"-lgobject-2.0",
					"-lglib-2.0",
					"-ObjC",
					"-all_load",
				);
				PRODUCT_NAME = "$(TARGET_NAME)";
				SDKROOT = macosx;
				SWIFT_ACTIVE_COMPILATION_CONDITIONS = DEBUG;
				SWIFT_OPTIMIZATION_LEVEL = "-Onone";
				SWIFT_VERSION = 5.0;
			};
			name = Debug;
		};
/* End XCBuildConfiguration section */

/* Begin XCConfigurationList section */
		460B79F0EE1FD32C8C6A289F /* Build configuration list for PBXNativeTarget "GigECameraExtension" */ = {
			isa = XCConfigurationList;
			buildConfigurations = (
				9AF16315CA385167F9F4BCC3 /* Debug */,
				89F7C581CDA2A86F1F7B0CFA /* Release */,
			);
			defaultConfigurationIsVisible = 0;
			defaultConfigurationName = Debug;
		};
		A272E0E793C35ABBD6C3B27C /* Build configuration list for PBXNativeTarget "GigEVirtualCamera" */ = {
			isa = XCConfigurationList;
			buildConfigurations = (
				5E7F824525076F37B0BD8FA8 /* Debug */,
				DC2587FDE26FE4BDEAF2D245 /* Release */,
			);
			defaultConfigurationIsVisible = 0;
			defaultConfigurationName = Debug;
		};
		D6222442777D799D0C637853 /* Build configuration list for PBXProject "GigEVirtualCamera" */ = {
			isa = XCConfigurationList;
			buildConfigurations = (
				E3879D13AE3532A3508D100A /* Debug */,
				51A537EFED3F74CCF1C1F886 /* Release */,
			);
			defaultConfigurationIsVisible = 0;
			defaultConfigurationName = Debug;
		};
/* End XCConfigurationList section */
	};
	rootObject = 87718897895DDA75F2F5714D /* Project object */;
}
